{
  "pins" : [
    {
      "identity" : "amplitude-ios",
      "kind" : "remoteSourceControl",
      "location" : "https://github.com/amplitude/Amplitude-iOS.git",
      "state" : {
        "branch" : "main",
        "revision" : "94160a550835e6f0a1df9fa76ab3902ac4648a9c"
      }
    },
    {
      "identity" : "analytics-connector-ios",
      "kind" : "remoteSourceControl",
      "location" : "https://github.com/amplitude/analytics-connector-ios.git",
      "state" : {
        "revision" : "d3d682a26ca6f4947ece2c2e627971bb41b940fa",
        "version" : "1.0.1"
      }
    }
  ],
  "version" : 2
}
